
Microsoft Visual Studio Solution File, Format Version 12.00
# Visual Studio Version 17
VisualStudioVersion = 17.1.32319.34
MinimumVisualStudioVersion = 10.0.40219.1
Project("{FAE04EC0-301F-11D3-BF4B-00C04F79EFBC}") = "ChapeauUI", "MainForm\ChapeauUI.csproj", "{2D191588-334C-4441-AC7E-4A649752E4C9}"
EndProject
Project("{FAE04EC0-301F-11D3-BF4B-00C04F79EFBC}") = "ChapeauDAL", "DAL\ChapeauDAL.csproj", "{6954DE0F-15F4-494D-AB51-ED608E2687C4}"
EndProject
Project("{FAE04EC0-301F-11D3-BF4B-00C04F79EFBC}") = "ChapeauService", "Service\ChapeauService.csproj", "{45E9734E-B864-4D75-B025-C322F87FAEAC}"
EndProject
Project("{FAE04EC0-301F-11D3-BF4B-00C04F79EFBC}") = "ChapeauModels", "Models\ChapeauModels.csproj", "{BE90BA7F-4983-4D7B-A2EB-CF0236248B7E}"
EndProject
Project("{2150E333-8FDC-42A3-9474-1A3956D46DE8}") = "Other files", "Other files", "{23456F83-9D07-42EB-A616-0A319FB0BE74}"
	ProjectSection(SolutionItems) = preProject
		BestPractices.txt = BestPractices.txt
		FrankReadMe.txt = FrankReadMe.txt
		GithubProcedure.txt = GithubProcedure.txt
	EndProjectSection
EndProject
Global
	GlobalSection(SolutionConfigurationPlatforms) = preSolution
		Debug|Any CPU = Debug|Any CPU
		Release|Any CPU = Release|Any CPU
	EndGlobalSection
	GlobalSection(ProjectConfigurationPlatforms) = postSolution
		{2D191588-334C-4441-AC7E-4A649752E4C9}.Debug|Any CPU.ActiveCfg = Debug|Any CPU
		{2D191588-334C-4441-AC7E-4A649752E4C9}.Debug|Any CPU.Build.0 = Debug|Any CPU
		{2D191588-334C-4441-AC7E-4A649752E4C9}.Release|Any CPU.ActiveCfg = Release|Any CPU
		{2D191588-334C-4441-AC7E-4A649752E4C9}.Release|Any CPU.Build.0 = Release|Any CPU
		{6954DE0F-15F4-494D-AB51-ED608E2687C4}.Debug|Any CPU.ActiveCfg = Debug|Any CPU
		{6954DE0F-15F4-494D-AB51-ED608E2687C4}.Debug|Any CPU.Build.0 = Debug|Any CPU
		{6954DE0F-15F4-494D-AB51-ED608E2687C4}.Release|Any CPU.ActiveCfg = Release|Any CPU
		{6954DE0F-15F4-494D-AB51-ED608E2687C4}.Release|Any CPU.Build.0 = Release|Any CPU
		{45E9734E-B864-4D75-B025-C322F87FAEAC}.Debug|Any CPU.ActiveCfg = Debug|Any CPU
		{45E9734E-B864-4D75-B025-C322F87FAEAC}.Debug|Any CPU.Build.0 = Debug|Any CPU
		{45E9734E-B864-4D75-B025-C322F87FAEAC}.Release|Any CPU.ActiveCfg = Release|Any CPU
		{45E9734E-B864-4D75-B025-C322F87FAEAC}.Release|Any CPU.Build.0 = Release|Any CPU
		{BE90BA7F-4983-4D7B-A2EB-CF0236248B7E}.Debug|Any CPU.ActiveCfg = Debug|Any CPU
		{BE90BA7F-4983-4D7B-A2EB-CF0236248B7E}.Debug|Any CPU.Build.0 = Debug|Any CPU
		{BE90BA7F-4983-4D7B-A2EB-CF0236248B7E}.Release|Any CPU.ActiveCfg = Release|Any CPU
		{BE90BA7F-4983-4D7B-A2EB-CF0236248B7E}.Release|Any CPU.Build.0 = Release|Any CPU
	EndGlobalSection
	GlobalSection(SolutionProperties) = preSolution
		HideSolutionNode = FALSE
	EndGlobalSection
	GlobalSection(ExtensibilityGlobals) = postSolution
		SolutionGuid = {3F17F6A0-917F-4EF9-BF7A-FAD1266C749D}
	EndGlobalSection
EndGlobal
